# THIS IS AN AUTOGENERATED FILE. DO NOT EDIT THIS FILE DIRECTLY.
# yarn lockfile v1


"@polywrap/templates@0.3.0":
  version "0.3.0"
  resolved "https://registry.yarnpkg.com/@polywrap/templates/-/templates-0.3.0.tgz#894c9b56d293c934c6a90c7c1bcd814cdee499a6"
  integrity sha512-twvyQ2H3Idok55DrzfrSnLq6mTxLtck18BybEf3eaPcN/WVJftbdDQ/S17mRa+nyc7MhXfEje9rhOgN8FLNA/w==
